// !$*UTF8*$!
{
	archiveVersion = 1;
	classes = {
	};
	objectVersion = 56;
	objects = {

/* Begin PBXBuildFile section */
		001102C72AF1BBD4004B5596 /* Crypto_TrackerApp.swift in Sources */ = {isa = PBXBuildFile; fileRef = 001102C62AF1BBD4004B5596 /* Crypto_TrackerApp.swift */; };
		001102C92AF1BBD4004B5596 /* ContentView.swift in Sources */ = {isa = PBXBuildFile; fileRef = 001102C82AF1BBD4004B5596 /* ContentView.swift */; };
		001102CB2AF1BBD7004B5596 /* Assets.xcassets in Resources */ = {isa = PBXBuildFile; fileRef = 001102CA2AF1BBD7004B5596 /* Assets.xcassets */; };
		001102CE2AF1BBD7004B5596 /* Preview Assets.xcassets in Resources */ = {isa = PBXBuildFile; fileRef = 001102CD2AF1BBD7004B5596 /* Preview Assets.xcassets */; };
		0021372A2AFEAD10001ADB75 /* FavouritesView.swift in Sources */ = {isa = PBXBuildFile; fileRef = 002137292AFEAD10001ADB75 /* FavouritesView.swift */; };
		0025FB592AFC3F510056BD48 /* NetworkRequestError.swift in Sources */ = {isa = PBXBuildFile; fileRef = 0025FB582AFC3F510056BD48 /* NetworkRequestError.swift */; };
		0025FB5B2AFCD16A0056BD48 /* CoinsView.swift in Sources */ = {isa = PBXBuildFile; fileRef = 0025FB5A2AFCD1690056BD48 /* CoinsView.swift */; };
		002CE1EB2B0967BB00F48534 /* DropDownPicker.swift in Sources */ = {isa = PBXBuildFile; fileRef = 002CE1EA2B0967BB00F48534 /* DropDownPicker.swift */; };
		002CE1ED2B09721600F48534 /* FilterButton.swift in Sources */ = {isa = PBXBuildFile; fileRef = 002CE1EC2B09721600F48534 /* FilterButton.swift */; };
		003E78D72AFAC5C800F7BA04 /* Coin.swift in Sources */ = {isa = PBXBuildFile; fileRef = 003E78D62AFAC5C800F7BA04 /* Coin.swift */; };
		003E78D92AFAC64B00F7BA04 /* CoinViewModel.swift in Sources */ = {isa = PBXBuildFile; fileRef = 003E78D82AFAC64B00F7BA04 /* CoinViewModel.swift */; };
		004238E62B08D7D9005265C8 /* CoinRowItem.swift in Sources */ = {isa = PBXBuildFile; fileRef = 004238E52B08D7D9005265C8 /* CoinRowItem.swift */; };
		006F3C6E2B0C0EA900C7C777 /* CoinDetailView.swift in Sources */ = {isa = PBXBuildFile; fileRef = 006F3C6D2B0C0EA900C7C777 /* CoinDetailView.swift */; };
		00AC9A942AF55F2C00811798 /* NetworkManager.swift in Sources */ = {isa = PBXBuildFile; fileRef = 00AC9A932AF55F2C00811798 /* NetworkManager.swift */; };
/* End PBXBuildFile section */

/* Begin PBXFileReference section */
		001102C32AF1BBD4004B5596 /* Crypto Tracker.app */ = {isa = PBXFileReference; explicitFileType = wrapper.application; includeInIndex = 0; path = "Crypto Tracker.app"; sourceTree = BUILT_PRODUCTS_DIR; };
		001102C62AF1BBD4004B5596 /* Crypto_TrackerApp.swift */ = {isa = PBXFileReference; lastKnownFileType = sourcecode.swift; path = Crypto_TrackerApp.swift; sourceTree = "<group>"; };
		001102C82AF1BBD4004B5596 /* ContentView.swift */ = {isa = PBXFileReference; lastKnownFileType = sourcecode.swift; path = ContentView.swift; sourceTree = "<group>"; };
		001102CA2AF1BBD7004B5596 /* Assets.xcassets */ = {isa = PBXFileReference; lastKnownFileType = folder.assetcatalog; path = Assets.xcassets; sourceTree = "<group>"; };
		001102CD2AF1BBD7004B5596 /* Preview Assets.xcassets */ = {isa = PBXFileReference; lastKnownFileType = folder.assetcatalog; path = "Preview Assets.xcassets"; sourceTree = "<group>"; };
		002137292AFEAD10001ADB75 /* FavouritesView.swift */ = {isa = PBXFileReference; lastKnownFileType = sourcecode.swift; path = FavouritesView.swift; sourceTree = "<group>"; };
		0025FB582AFC3F510056BD48 /* NetworkRequestError.swift */ = {isa = PBXFileReference; lastKnownFileType = sourcecode.swift; path = NetworkRequestError.swift; sourceTree = "<group>"; };
		0025FB5A2AFCD1690056BD48 /* CoinsView.swift */ = {isa = PBXFileReference; lastKnownFileType = sourcecode.swift; path = CoinsView.swift; sourceTree = "<group>"; };
		002CE1EA2B0967BB00F48534 /* DropDownPicker.swift */ = {isa = PBXFileReference; lastKnownFileType = sourcecode.swift; path = DropDownPicker.swift; sourceTree = "<group>"; };
		002CE1EC2B09721600F48534 /* FilterButton.swift */ = {isa = PBXFileReference; lastKnownFileType = sourcecode.swift; path = FilterButton.swift; sourceTree = "<group>"; };
		003E78D62AFAC5C800F7BA04 /* Coin.swift */ = {isa = PBXFileReference; lastKnownFileType = sourcecode.swift; path = Coin.swift; sourceTree = "<group>"; };
		003E78D82AFAC64B00F7BA04 /* CoinViewModel.swift */ = {isa = PBXFileReference; lastKnownFileType = sourcecode.swift; path = CoinViewModel.swift; sourceTree = "<group>"; };
		004238E52B08D7D9005265C8 /* CoinRowItem.swift */ = {isa = PBXFileReference; lastKnownFileType = sourcecode.swift; path = CoinRowItem.swift; sourceTree = "<group>"; };
		006F3C6D2B0C0EA900C7C777 /* CoinDetailView.swift */ = {isa = PBXFileReference; lastKnownFileType = sourcecode.swift; path = CoinDetailView.swift; sourceTree = "<group>"; };
		00AC9A932AF55F2C00811798 /* NetworkManager.swift */ = {isa = PBXFileReference; lastKnownFileType = sourcecode.swift; path = NetworkManager.swift; sourceTree = "<group>"; };
/* End PBXFileReference section */

/* Begin PBXFrameworksBuildPhase section */
		001102C02AF1BBD4004B5596 /* Frameworks */ = {
			isa = PBXFrameworksBuildPhase;
			buildActionMask = 2147483647;
			files = (
			);
			runOnlyForDeploymentPostprocessing = 0;
		};
/* End PBXFrameworksBuildPhase section */

/* Begin PBXGroup section */
		001102BA2AF1BBD4004B5596 = {
			isa = PBXGroup;
			children = (
				001102C52AF1BBD4004B5596 /* Crypto Tracker */,
				001102C42AF1BBD4004B5596 /* Products */,
			);
			sourceTree = "<group>";
		};
		001102C42AF1BBD4004B5596 /* Products */ = {
			isa = PBXGroup;
			children = (
				001102C32AF1BBD4004B5596 /* Crypto Tracker.app */,
			);
			name = Products;
			sourceTree = "<group>";
		};
		001102C52AF1BBD4004B5596 /* Crypto Tracker */ = {
			isa = PBXGroup;
			children = (
				001102C62AF1BBD4004B5596 /* Crypto_TrackerApp.swift */,
				00AC9A912AF55AB700811798 /* Model */,
				00AC9A8F2AF55AAC00811798 /* View */,
				00AC9A902AF55AB100811798 /* ViewModels */,
				00AC9A922AF55B0A00811798 /* Network Manager */,
				001102CA2AF1BBD7004B5596 /* Assets.xcassets */,
				001102CC2AF1BBD7004B5596 /* Preview Content */,
			);
			path = "Crypto Tracker";
			sourceTree = "<group>";
		};
		001102CC2AF1BBD7004B5596 /* Preview Content */ = {
			isa = PBXGroup;
			children = (
				001102CD2AF1BBD7004B5596 /* Preview Assets.xcassets */,
			);
			path = "Preview Content";
			sourceTree = "<group>";
		};
		006F3C6F2B0C0F6700C7C777 /* CoinDetailView */ = {
			isa = PBXGroup;
			children = (
				006F3C6D2B0C0EA900C7C777 /* CoinDetailView.swift */,
			);
			path = CoinDetailView;
			sourceTree = "<group>";
		};
		00AC9A8F2AF55AAC00811798 /* View */ = {
			isa = PBXGroup;
			children = (
				001102C82AF1BBD4004B5596 /* ContentView.swift */,
				00CEB5FE2B041EA40059B2D3 /* CoinsView */,
				006F3C6F2B0C0F6700C7C777 /* CoinDetailView */,
				00CEB5FF2B041EB20059B2D3 /* FavouritesView */,
			);
			path = View;
			sourceTree = "<group>";
		};
		00AC9A902AF55AB100811798 /* ViewModels */ = {
			isa = PBXGroup;
			children = (
				003E78D82AFAC64B00F7BA04 /* CoinViewModel.swift */,
			);
			path = ViewModels;
			sourceTree = "<group>";
		};
		00AC9A912AF55AB700811798 /* Model */ = {
			isa = PBXGroup;
			children = (
				003E78D62AFAC5C800F7BA04 /* Coin.swift */,
				0025FB582AFC3F510056BD48 /* NetworkRequestError.swift */,
			);
			path = Model;
			sourceTree = "<group>";
		};
		00AC9A922AF55B0A00811798 /* Network Manager */ = {
			isa = PBXGroup;
			children = (
				00AC9A932AF55F2C00811798 /* NetworkManager.swift */,
			);
			path = "Network Manager";
			sourceTree = "<group>";
		};
		00CEB5FE2B041EA40059B2D3 /* CoinsView */ = {
			isa = PBXGroup;
			children = (
				0025FB5A2AFCD1690056BD48 /* CoinsView.swift */,
				00CEB6002B041EBC0059B2D3 /* Components */,
			);
			path = CoinsView;
			sourceTree = "<group>";
		};
		00CEB5FF2B041EB20059B2D3 /* FavouritesView */ = {
			isa = PBXGroup;
			children = (
				002137292AFEAD10001ADB75 /* FavouritesView.swift */,
			);
			path = FavouritesView;
			sourceTree = "<group>";
		};
		00CEB6002B041EBC0059B2D3 /* Components */ = {
			isa = PBXGroup;
			children = (
				004238E52B08D7D9005265C8 /* CoinRowItem.swift */,
				002CE1EA2B0967BB00F48534 /* DropDownPicker.swift */,
				002CE1EC2B09721600F48534 /* FilterButton.swift */,
			);
			path = Components;
			sourceTree = "<group>";
		};
/* End PBXGroup section */

/* Begin PBXNativeTarget section */
		001102C22AF1BBD4004B5596 /* Crypto Tracker */ = {
			isa = PBXNativeTarget;
			buildConfigurationList = 001102D12AF1BBD7004B5596 /* Build configuration list for PBXNativeTarget "Crypto Tracker" */;
			buildPhases = (
				001102BF2AF1BBD4004B5596 /* Sources */,
				001102C02AF1BBD4004B5596 /* Frameworks */,
				001102C12AF1BBD4004B5596 /* Resources */,
			);
			buildRules = (
			);
			dependencies = (
			);
			name = "Crypto Tracker";
			productName = "Crypto Tracker";
			productReference = 001102C32AF1BBD4004B5596 /* Crypto Tracker.app */;
			productType = "com.apple.product-type.application";
		};
/* End PBXNativeTarget section */

/* Begin PBXProject section */
		001102BB2AF1BBD4004B5596 /* Project object */ = {
			isa = PBXProject;
			attributes = {
				BuildIndependentTargetsInParallel = 1;
				LastSwiftUpdateCheck = 1500;
				LastUpgradeCheck = 1500;
				TargetAttributes = {
					001102C22AF1BBD4004B5596 = {
						CreatedOnToolsVersion = 15.0.1;
					};
				};
			};
			buildConfigurationList = 001102BE2AF1BBD4004B5596 /* Build configuration list for PBXProject "Crypto Tracker" */;
			compatibilityVersion = "Xcode 14.0";
			developmentRegion = en;
			hasScannedForEncodings = 0;
			knownRegions = (
				en,
				Base,
			);
			mainGroup = 001102BA2AF1BBD4004B5596;
			productRefGroup = 001102C42AF1BBD4004B5596 /* Products */;
			projectDirPath = "";
			projectRoot = "";
			targets = (
				001102C22AF1BBD4004B5596 /* Crypto Tracker */,
			);
		};
/* End PBXProject section */

/* Begin PBXResourcesBuildPhase section */
		001102C12AF1BBD4004B5596 /* Resources */ = {
			isa = PBXResourcesBuildPhase;
			buildActionMask = 2147483647;
			files = (
				001102CE2AF1BBD7004B5596 /* Preview Assets.xcassets in Resources */,
				001102CB2AF1BBD7004B5596 /* Assets.xcassets in Resources */,
			);
			runOnlyForDeploymentPostprocessing = 0;
		};
/* End PBXResourcesBuildPhase section */

/* Begin PBXSourcesBuildPhase section */
		001102BF2AF1BBD4004B5596 /* Sources */ = {
			isa = PBXSourcesBuildPhase;
			buildActionMask = 2147483647;
			files = (
				003E78D92AFAC64B00F7BA04 /* CoinViewModel.swift in Sources */,
				00AC9A942AF55F2C00811798 /* NetworkManager.swift in Sources */,
				006F3C6E2B0C0EA900C7C777 /* CoinDetailView.swift in Sources */,
				0021372A2AFEAD10001ADB75 /* FavouritesView.swift in Sources */,
				001102C92AF1BBD4004B5596 /* ContentView.swift in Sources */,
				004238E62B08D7D9005265C8 /* CoinRowItem.swift in Sources */,
				0025FB5B2AFCD16A0056BD48 /* CoinsView.swift in Sources */,
				003E78D72AFAC5C800F7BA04 /* Coin.swift in Sources */,
				001102C72AF1BBD4004B5596 /* Crypto_TrackerApp.swift in Sources */,
				002CE1ED2B09721600F48534 /* FilterButton.swift in Sources */,
				002CE1EB2B0967BB00F48534 /* DropDownPicker.swift in Sources */,
				0025FB592AFC3F510056BD48 /* NetworkRequestError.swift in Sources */,
			);
			runOnlyForDeploymentPostprocessing = 0;
		};
/* End PBXSourcesBuildPhase section */

/* Begin XCBuildConfiguration section */
		001102CF2AF1BBD7004B5596 /* Debug */ = {
			isa = XCBuildConfiguration;
			buildSettings = {
				ALWAYS_SEARCH_USER_PATHS = NO;
				ASSETCATALOG_COMPILER_GENERATE_SWIFT_ASSET_SYMBOL_EXTENSIONS = YES;
				CLANG_ANALYZER_NONNULL = YES;
				CLANG_ANALYZER_NUMBER_OBJECT_CONVERSION = YES_AGGRESSIVE;
				CLANG_CXX_LANGUAGE_STANDARD = "gnu++20";
				CLANG_ENABLE_MODULES = YES;
				CLANG_ENABLE_OBJC_ARC = YES;
				CLANG_ENABLE_OBJC_WEAK = YES;
				CLANG_WARN_BLOCK_CAPTURE_AUTORELEASING = YES;
				CLANG_WARN_BOOL_CONVERSION = YES;
				CLANG_WARN_COMMA = YES;
				CLANG_WARN_CONSTANT_CONVERSION = YES;
				CLANG_WARN_DEPRECATED_OBJC_IMPLEMENTATIONS = YES;
				CLANG_WARN_DIRECT_OBJC_ISA_USAGE = YES_ERROR;
				CLANG_WARN_DOCUMENTATION_COMMENTS = YES;
				CLANG_WARN_EMPTY_BODY = YES;
				CLANG_WARN_ENUM_CONVERSION = YES;
				CLANG_WARN_INFINITE_RECURSION = YES;
				CLANG_WARN_INT_CONVERSION = YES;
				CLANG_WARN_NON_LITERAL_NULL_CONVERSION = YES;
				CLANG_WARN_OBJC_IMPLICIT_RETAIN_SELF = YES;
				CLANG_WARN_OBJC_LITERAL_CONVERSION = YES;
				CLANG_WARN_OBJC_ROOT_CLASS = YES_ERROR;
				CLANG_WARN_QUOTED_INCLUDE_IN_FRAMEWORK_HEADER = YES;
				CLANG_WARN_RANGE_LOOP_ANALYSIS = YES;
				CLANG_WARN_STRICT_PROTOTYPES = YES;
				CLANG_WARN_SUSPICIOUS_MOVE = YES;
				CLANG_WARN_UNGUARDED_AVAILABILITY = YES_AGGRESSIVE;
				CLANG_WARN_UNREACHABLE_CODE = YES;
				CLANG_WARN__DUPLICATE_METHOD_MATCH = YES;
				COPY_PHASE_STRIP = NO;
				DEBUG_INFORMATION_FORMAT = dwarf;
				ENABLE_STRICT_OBJC_MSGSEND = YES;
				ENABLE_TESTABILITY = YES;
				ENABLE_USER_SCRIPT_SANDBOXING = YES;
				GCC_C_LANGUAGE_STANDARD = gnu17;
				GCC_DYNAMIC_NO_PIC = NO;
				GCC_NO_COMMON_BLOCKS = YES;
				GCC_OPTIMIZATION_LEVEL = 0;
				GCC_PREPROCESSOR_DEFINITIONS = (
					"DEBUG=1",
					"$(inherited)",
				);
				GCC_WARN_64_TO_32_BIT_CONVERSION = YES;
				GCC_WARN_ABOUT_RETURN_TYPE = YES_ERROR;
				GCC_WARN_UNDECLARED_SELECTOR = YES;
				GCC_WARN_UNINITIALIZED_AUTOS = YES_AGGRESSIVE;
				GCC_WARN_UNUSED_FUNCTION = YES;
				GCC_WARN_UNUSED_VARIABLE = YES;
				IPHONEOS_DEPLOYMENT_TARGET = 17.0;
				LOCALIZATION_PREFERS_STRING_CATALOGS = YES;
				MTL_ENABLE_DEBUG_INFO = INCLUDE_SOURCE;
				MTL_FAST_MATH = YES;
				ONLY_ACTIVE_ARCH = YES;
				SDKROOT = iphoneos;
				SWIFT_ACTIVE_COMPILATION_CONDITIONS = "DEBUG $(inherited)";
				SWIFT_OPTIMIZATION_LEVEL = "-Onone";
			};
			name = Debug;
		};
		001102D02AF1BBD7004B5596 /* Release */ = {
			isa = XCBuildConfiguration;
			buildSettings = {
				ALWAYS_SEARCH_USER_PATHS = NO;
				ASSETCATALOG_COMPILER_GENERATE_SWIFT_ASSET_SYMBOL_EXTENSIONS = YES;
				CLANG_ANALYZER_NONNULL = YES;
				CLANG_ANALYZER_NUMBER_OBJECT_CONVERSION = YES_AGGRESSIVE;
				CLANG_CXX_LANGUAGE_STANDARD = "gnu++20";
				CLANG_ENABLE_MODULES = YES;
				CLANG_ENABLE_OBJC_ARC = YES;
				CLANG_ENABLE_OBJC_WEAK = YES;
				CLANG_WARN_BLOCK_CAPTURE_AUTORELEASING = YES;
				CLANG_WARN_BOOL_CONVERSION = YES;
				CLANG_WARN_COMMA = YES;
				CLANG_WARN_CONSTANT_CONVERSION = YES;
				CLANG_WARN_DEPRECATED_OBJC_IMPLEMENTATIONS = YES;
				CLANG_WARN_DIRECT_OBJC_ISA_USAGE = YES_ERROR;
				CLANG_WARN_DOCUMENTATION_COMMENTS = YES;
				CLANG_WARN_EMPTY_BODY = YES;
				CLANG_WARN_ENUM_CONVERSION = YES;
				CLANG_WARN_INFINITE_RECURSION = YES;
				CLANG_WARN_INT_CONVERSION = YES;
				CLANG_WARN_NON_LITERAL_NULL_CONVERSION = YES;
				CLANG_WARN_OBJC_IMPLICIT_RETAIN_SELF = YES;
				CLANG_WARN_OBJC_LITERAL_CONVERSION = YES;
				CLANG_WARN_OBJC_ROOT_CLASS = YES_ERROR;
				CLANG_WARN_QUOTED_INCLUDE_IN_FRAMEWORK_HEADER = YES;
				CLANG_WARN_RANGE_LOOP_ANALYSIS = YES;
				CLANG_WARN_STRICT_PROTOTYPES = YES;
				CLANG_WARN_SUSPICIOUS_MOVE = YES;
				CLANG_WARN_UNGUARDED_AVAILABILITY = YES_AGGRESSIVE;
				CLANG_WARN_UNREACHABLE_CODE = YES;
				CLANG_WARN__DUPLICATE_METHOD_MATCH = YES;
				COPY_PHASE_STRIP = NO;
				DEBUG_INFORMATION_FORMAT = "dwarf-with-dsym";
				ENABLE_NS_ASSERTIONS = NO;
				ENABLE_STRICT_OBJC_MSGSEND = YES;
				ENABLE_USER_SCRIPT_SANDBOXING = YES;
				GCC_C_LANGUAGE_STANDARD = gnu17;
				GCC_NO_COMMON_BLOCKS = YES;
				GCC_WARN_64_TO_32_BIT_CONVERSION = YES;
				GCC_WARN_ABOUT_RETURN_TYPE = YES_ERROR;
				GCC_WARN_UNDECLARED_SELECTOR = YES;
				GCC_WARN_UNINITIALIZED_AUTOS = YES_AGGRESSIVE;
				GCC_WARN_UNUSED_FUNCTION = YES;
				GCC_WARN_UNUSED_VARIABLE = YES;
				IPHONEOS_DEPLOYMENT_TARGET = 17.0;
				LOCALIZATION_PREFERS_STRING_CATALOGS = YES;
				MTL_ENABLE_DEBUG_INFO = NO;
				MTL_FAST_MATH = YES;
				SDKROOT = iphoneos;
				SWIFT_COMPILATION_MODE = wholemodule;
				VALIDATE_PRODUCT = YES;
			};
			name = Release;
		};
		001102D22AF1BBD7004B5596 /* Debug */ = {
			isa = XCBuildConfiguration;
			buildSettings = {
				ASSETCATALOG_COMPILER_APPICON_NAME = AppIcon;
				ASSETCATALOG_COMPILER_GLOBAL_ACCENT_COLOR_NAME = AccentColor;
				CODE_SIGN_STYLE = Automatic;
				CURRENT_PROJECT_VERSION = 1;
				DEVELOPMENT_ASSET_PATHS = "\"Crypto Tracker/Preview Content\"";
				DEVELOPMENT_TEAM = CQLYB77FAP;
				ENABLE_PREVIEWS = YES;
				GENERATE_INFOPLIST_FILE = YES;
				INFOPLIST_KEY_UIApplicationSceneManifest_Generation = YES;
				INFOPLIST_KEY_UIApplicationSupportsIndirectInputEvents = YES;
				INFOPLIST_KEY_UILaunchScreen_Generation = YES;
				INFOPLIST_KEY_UISupportedInterfaceOrientations_iPad = "UIInterfaceOrientationPortrait UIInterfaceOrientationPortraitUpsideDown UIInterfaceOrientationLandscapeLeft UIInterfaceOrientationLandscapeRight";
				INFOPLIST_KEY_UISupportedInterfaceOrientations_iPhone = "UIInterfaceOrientationPortrait UIInterfaceOrientationLandscapeLeft UIInterfaceOrientationLandscapeRight";
				LD_RUNPATH_SEARCH_PATHS = (
					"$(inherited)",
					"@executable_path/Frameworks",
				);
				MARKETING_VERSION = 1.0;
				PRODUCT_BUNDLE_IDENTIFIER = "com.vikingskullapps.Crypto-Tracker";
				PRODUCT_NAME = "$(TARGET_NAME)";
				SWIFT_EMIT_LOC_STRINGS = YES;
				SWIFT_VERSION = 5.0;
				TARGETED_DEVICE_FAMILY = "1,2";
			};
			name = Debug;
		};
		001102D32AF1BBD7004B5596 /* Release */ = {
			isa = XCBuildConfiguration;
			buildSettings = {
				ASSETCATALOG_COMPILER_APPICON_NAME = AppIcon;
				ASSETCATALOG_COMPILER_GLOBAL_ACCENT_COLOR_NAME = AccentColor;
				CODE_SIGN_STYLE = Automatic;
				CURRENT_PROJECT_VERSION = 1;
				DEVELOPMENT_ASSET_PATHS = "\"Crypto Tracker/Preview Content\"";
				DEVELOPMENT_TEAM = CQLYB77FAP;
				ENABLE_PREVIEWS = YES;
				GENERATE_INFOPLIST_FILE = YES;
				INFOPLIST_KEY_UIApplicationSceneManifest_Generation = YES;
				INFOPLIST_KEY_UIApplicationSupportsIndirectInputEvents = YES;
				INFOPLIST_KEY_UILaunchScreen_Generation = YES;
				INFOPLIST_KEY_UISupportedInterfaceOrientations_iPad = "UIInterfaceOrientationPortrait UIInterfaceOrientationPortraitUpsideDown UIInterfaceOrientationLandscapeLeft UIInterfaceOrientationLandscapeRight";
				INFOPLIST_KEY_UISupportedInterfaceOrientations_iPhone = "UIInterfaceOrientationPortrait UIInterfaceOrientationLandscapeLeft UIInterfaceOrientationLandscapeRight";
				LD_RUNPATH_SEARCH_PATHS = (
					"$(inherited)",
					"@executable_path/Frameworks",
				);
				MARKETING_VERSION = 1.0;
				PRODUCT_BUNDLE_IDENTIFIER = "com.vikingskullapps.Crypto-Tracker";
				PRODUCT_NAME = "$(TARGET_NAME)";
				SWIFT_EMIT_LOC_STRINGS = YES;
				SWIFT_VERSION = 5.0;
				TARGETED_DEVICE_FAMILY = "1,2";
			};
			name = Release;
		};
/* End XCBuildConfiguration section */

/* Begin XCConfigurationList section */
		001102BE2AF1BBD4004B5596 /* Build configuration list for PBXProject "Crypto Tracker" */ = {
			isa = XCConfigurationList;
			buildConfigurations = (
				001102CF2AF1BBD7004B5596 /* Debug */,
				001102D02AF1BBD7004B5596 /* Release */,
			);
			defaultConfigurationIsVisible = 0;
			defaultConfigurationName = Release;
		};
		001102D12AF1BBD7004B5596 /* Build configuration list for PBXNativeTarget "Crypto Tracker" */ = {
			isa = XCConfigurationList;
			buildConfigurations = (
				001102D22AF1BBD7004B5596 /* Debug */,
				001102D32AF1BBD7004B5596 /* Release */,
			);
			defaultConfigurationIsVisible = 0;
			defaultConfigurationName = Release;
		};
/* End XCConfigurationList section */
	};
	rootObject = 001102BB2AF1BBD4004B5596 /* Project object */;
}
