{
  "pins" : [
    {
      "identity" : "openaiswift",
      "kind" : "remoteSourceControl",
      "location" : "https://github.com/adamrushy/OpenAISwift",
      "state" : {
        "branch" : "main",
        "revision" : "c41b581b53fdf643595a3a9c193bc155847d1840"
      }
    }
  ],
  "version" : 2
}
