// !$*UTF8*$!
{
	archiveVersion = 1;
	classes = {
	};
	objectVersion = 56;
	objects = {

/* Begin PBXBuildFile section */
		1407F78729AEA6090027D32D /* ActionButton.swift in Sources */ = {isa = PBXBuildFile; fileRef = 1407F78629AEA6090027D32D /* ActionButton.swift */; };
		140C948529906FD000C955FB /* Chat_AIApp.swift in Sources */ = {isa = PBXBuildFile; fileRef = 140C948429906FD000C955FB /* Chat_AIApp.swift */; };
		140C948729906FD000C955FB /* ContentView.swift in Sources */ = {isa = PBXBuildFile; fileRef = 140C948629906FD000C955FB /* ContentView.swift */; };
		140C948929906FD100C955FB /* Assets.xcassets in Resources */ = {isa = PBXBuildFile; fileRef = 140C948829906FD100C955FB /* Assets.xcassets */; };
		140C948C29906FD100C955FB /* Preview Assets.xcassets in Resources */ = {isa = PBXBuildFile; fileRef = 140C948B29906FD100C955FB /* Preview Assets.xcassets */; };
		1444891829A78CB900B800EC /* TypingTextView.swift in Sources */ = {isa = PBXBuildFile; fileRef = 1444891729A78CB900B800EC /* TypingTextView.swift */; };
		1444891B29A8EB0600B800EC /* ChatModel.swift in Sources */ = {isa = PBXBuildFile; fileRef = 1444891A29A8EB0600B800EC /* ChatModel.swift */; };
		1444891E29A8EB4700B800EC /* ViewExtensions.swift in Sources */ = {isa = PBXBuildFile; fileRef = 1444891D29A8EB4700B800EC /* ViewExtensions.swift */; };
		1444892029A8F4AF00B800EC /* SideMenuView.swift in Sources */ = {isa = PBXBuildFile; fileRef = 1444891F29A8F4AF00B800EC /* SideMenuView.swift */; };
		1444892329A90CA800B800EC /* MenuItems.swift in Sources */ = {isa = PBXBuildFile; fileRef = 1444892229A90CA800B800EC /* MenuItems.swift */; };
		1449CB7D2991AD5200F5BB73 /* ChatView.swift in Sources */ = {isa = PBXBuildFile; fileRef = 1449CB7C2991AD5200F5BB73 /* ChatView.swift */; };
		1449CB8229928B1300F5BB73 /* IconButton.swift in Sources */ = {isa = PBXBuildFile; fileRef = 1449CB8129928B1300F5BB73 /* IconButton.swift */; };
		145E676029AA06A60045C47F /* MessageDataModel.xcdatamodeld in Sources */ = {isa = PBXBuildFile; fileRef = 145E675E29AA06A60045C47F /* MessageDataModel.xcdatamodeld */; };
		145E676329AA071B0045C47F /* PersistenceController.swift in Sources */ = {isa = PBXBuildFile; fileRef = 145E676229AA071B0045C47F /* PersistenceController.swift */; };
		1498DDD4299E6642003C328D /* ChatNetworkManager.swift in Sources */ = {isa = PBXBuildFile; fileRef = 1498DDD3299E6642003C328D /* ChatNetworkManager.swift */; };
		1498DDD7299F801D003C328D /* OpenAISwift in Frameworks */ = {isa = PBXBuildFile; productRef = 1498DDD6299F801D003C328D /* OpenAISwift */; };
		1498DDDA29A2950A003C328D /* SettingsView.swift in Sources */ = {isa = PBXBuildFile; fileRef = 1498DDD929A2950A003C328D /* SettingsView.swift */; };
		149E580F29A4CADA00D8705E /* UserPreferences.swift in Sources */ = {isa = PBXBuildFile; fileRef = 149E580E29A4CADA00D8705E /* UserPreferences.swift */; };
		149E581129A4F9AA00D8705E /* ChatCell.swift in Sources */ = {isa = PBXBuildFile; fileRef = 149E581029A4F9AA00D8705E /* ChatCell.swift */; };
		14A5A6AB299AE85D0081FCBA /* OnboardingView.swift in Sources */ = {isa = PBXBuildFile; fileRef = 14A5A6AA299AE85D0081FCBA /* OnboardingView.swift */; };
		14A5A6AD299B8C650081FCBA /* Constants.swift in Sources */ = {isa = PBXBuildFile; fileRef = 14A5A6AC299B8C650081FCBA /* Constants.swift */; };
		14A5A6B1299BC4610081FCBA /* KeychainWrapper.swift in Sources */ = {isa = PBXBuildFile; fileRef = 14A5A6AF299BC4610081FCBA /* KeychainWrapper.swift */; };
		14A5A6B2299BC4610081FCBA /* KeychainItemAccessibility.swift in Sources */ = {isa = PBXBuildFile; fileRef = 14A5A6B0299BC4610081FCBA /* KeychainItemAccessibility.swift */; };
		14A5A6B4299D7E320081FCBA /* ViewModifiers.swift in Sources */ = {isa = PBXBuildFile; fileRef = 14A5A6B3299D7E320081FCBA /* ViewModifiers.swift */; };
/* End PBXBuildFile section */

/* Begin PBXFileReference section */
		1407F78629AEA6090027D32D /* ActionButton.swift */ = {isa = PBXFileReference; lastKnownFileType = sourcecode.swift; path = ActionButton.swift; sourceTree = "<group>"; };
		140C948129906FD000C955FB /* Chat AI.app */ = {isa = PBXFileReference; explicitFileType = wrapper.application; includeInIndex = 0; path = "Chat AI.app"; sourceTree = BUILT_PRODUCTS_DIR; };
		140C948429906FD000C955FB /* Chat_AIApp.swift */ = {isa = PBXFileReference; lastKnownFileType = sourcecode.swift; path = Chat_AIApp.swift; sourceTree = "<group>"; };
		140C948629906FD000C955FB /* ContentView.swift */ = {isa = PBXFileReference; lastKnownFileType = sourcecode.swift; path = ContentView.swift; sourceTree = "<group>"; };
		140C948829906FD100C955FB /* Assets.xcassets */ = {isa = PBXFileReference; lastKnownFileType = folder.assetcatalog; path = Assets.xcassets; sourceTree = "<group>"; };
		140C948B29906FD100C955FB /* Preview Assets.xcassets */ = {isa = PBXFileReference; lastKnownFileType = folder.assetcatalog; path = "Preview Assets.xcassets"; sourceTree = "<group>"; };
		1444891729A78CB900B800EC /* TypingTextView.swift */ = {isa = PBXFileReference; lastKnownFileType = sourcecode.swift; path = TypingTextView.swift; sourceTree = "<group>"; };
		1444891A29A8EB0600B800EC /* ChatModel.swift */ = {isa = PBXFileReference; lastKnownFileType = sourcecode.swift; path = ChatModel.swift; sourceTree = "<group>"; };
		1444891D29A8EB4700B800EC /* ViewExtensions.swift */ = {isa = PBXFileReference; lastKnownFileType = sourcecode.swift; path = ViewExtensions.swift; sourceTree = "<group>"; };
		1444891F29A8F4AF00B800EC /* SideMenuView.swift */ = {isa = PBXFileReference; lastKnownFileType = sourcecode.swift; path = SideMenuView.swift; sourceTree = "<group>"; };
		1444892229A90CA800B800EC /* MenuItems.swift */ = {isa = PBXFileReference; lastKnownFileType = sourcecode.swift; path = MenuItems.swift; sourceTree = "<group>"; };
		1449CB7C2991AD5200F5BB73 /* ChatView.swift */ = {isa = PBXFileReference; lastKnownFileType = sourcecode.swift; path = ChatView.swift; sourceTree = "<group>"; };
		1449CB8129928B1300F5BB73 /* IconButton.swift */ = {isa = PBXFileReference; lastKnownFileType = sourcecode.swift; path = IconButton.swift; sourceTree = "<group>"; };
		145E675F29AA06A60045C47F /* Chat.xcdatamodel */ = {isa = PBXFileReference; lastKnownFileType = wrapper.xcdatamodel; path = Chat.xcdatamodel; sourceTree = "<group>"; };
		145E676229AA071B0045C47F /* PersistenceController.swift */ = {isa = PBXFileReference; lastKnownFileType = sourcecode.swift; path = PersistenceController.swift; sourceTree = "<group>"; };
		1498DDD3299E6642003C328D /* ChatNetworkManager.swift */ = {isa = PBXFileReference; lastKnownFileType = sourcecode.swift; path = ChatNetworkManager.swift; sourceTree = "<group>"; };
		1498DDD929A2950A003C328D /* SettingsView.swift */ = {isa = PBXFileReference; lastKnownFileType = sourcecode.swift; path = SettingsView.swift; sourceTree = "<group>"; };
		149E580E29A4CADA00D8705E /* UserPreferences.swift */ = {isa = PBXFileReference; lastKnownFileType = sourcecode.swift; path = UserPreferences.swift; sourceTree = "<group>"; };
		149E581029A4F9AA00D8705E /* ChatCell.swift */ = {isa = PBXFileReference; lastKnownFileType = sourcecode.swift; path = ChatCell.swift; sourceTree = "<group>"; };
		14A5A6AA299AE85D0081FCBA /* OnboardingView.swift */ = {isa = PBXFileReference; lastKnownFileType = sourcecode.swift; path = OnboardingView.swift; sourceTree = "<group>"; };
		14A5A6AC299B8C650081FCBA /* Constants.swift */ = {isa = PBXFileReference; lastKnownFileType = sourcecode.swift; path = Constants.swift; sourceTree = "<group>"; };
		14A5A6AF299BC4610081FCBA /* KeychainWrapper.swift */ = {isa = PBXFileReference; fileEncoding = 4; lastKnownFileType = sourcecode.swift; path = KeychainWrapper.swift; sourceTree = "<group>"; };
		14A5A6B0299BC4610081FCBA /* KeychainItemAccessibility.swift */ = {isa = PBXFileReference; fileEncoding = 4; lastKnownFileType = sourcecode.swift; path = KeychainItemAccessibility.swift; sourceTree = "<group>"; };
		14A5A6B3299D7E320081FCBA /* ViewModifiers.swift */ = {isa = PBXFileReference; lastKnownFileType = sourcecode.swift; path = ViewModifiers.swift; sourceTree = "<group>"; };
/* End PBXFileReference section */

/* Begin PBXFrameworksBuildPhase section */
		140C947E29906FD000C955FB /* Frameworks */ = {
			isa = PBXFrameworksBuildPhase;
			buildActionMask = 2147483647;
			files = (
				1498DDD7299F801D003C328D /* OpenAISwift in Frameworks */,
			);
			runOnlyForDeploymentPostprocessing = 0;
		};
/* End PBXFrameworksBuildPhase section */

/* Begin PBXGroup section */
		140C947829906FD000C955FB = {
			isa = PBXGroup;
			children = (
				140C948329906FD000C955FB /* Chat AI */,
				140C948229906FD000C955FB /* Products */,
			);
			sourceTree = "<group>";
		};
		140C948229906FD000C955FB /* Products */ = {
			isa = PBXGroup;
			children = (
				140C948129906FD000C955FB /* Chat AI.app */,
			);
			name = Products;
			sourceTree = "<group>";
		};
		140C948329906FD000C955FB /* Chat AI */ = {
			isa = PBXGroup;
			children = (
				140C948429906FD000C955FB /* Chat_AIApp.swift */,
				1444891929A8EADB00B800EC /* Models */,
				1449CB7A2991AD2A00F5BB73 /* Views */,
				147FC1912999631800D3C13A /* Networking */,
				145E676129AA06AB0045C47F /* CoreData */,
				140C948829906FD100C955FB /* Assets.xcassets */,
				1444891C29A8EB2000B800EC /* Extensions */,
				14A5A6AE299BC4510081FCBA /* Utilities */,
				140C948A29906FD100C955FB /* Preview Content */,
			);
			path = "Chat AI";
			sourceTree = "<group>";
		};
		140C948A29906FD100C955FB /* Preview Content */ = {
			isa = PBXGroup;
			children = (
				140C948B29906FD100C955FB /* Preview Assets.xcassets */,
			);
			path = "Preview Content";
			sourceTree = "<group>";
		};
		1444891929A8EADB00B800EC /* Models */ = {
			isa = PBXGroup;
			children = (
				1444891A29A8EB0600B800EC /* ChatModel.swift */,
				1444892229A90CA800B800EC /* MenuItems.swift */,
			);
			path = Models;
			sourceTree = "<group>";
		};
		1444891C29A8EB2000B800EC /* Extensions */ = {
			isa = PBXGroup;
			children = (
				1444891D29A8EB4700B800EC /* ViewExtensions.swift */,
			);
			path = Extensions;
			sourceTree = "<group>";
		};
		1444892129A8F4B300B800EC /* Side Menu View */ = {
			isa = PBXGroup;
			children = (
				1444891F29A8F4AF00B800EC /* SideMenuView.swift */,
			);
			path = "Side Menu View";
			sourceTree = "<group>";
		};
		1449CB7A2991AD2A00F5BB73 /* Views */ = {
			isa = PBXGroup;
			children = (
				140C948629906FD000C955FB /* ContentView.swift */,
				14A5A6A9299AE8440081FCBA /* Onboarding View */,
				1449CB7B2991AD3300F5BB73 /* Chat View */,
				1498DDD829A294F9003C328D /* Settings View */,
				1444892129A8F4B300B800EC /* Side Menu View */,
				14A5A6B3299D7E320081FCBA /* ViewModifiers.swift */,
			);
			path = Views;
			sourceTree = "<group>";
		};
		1449CB7B2991AD3300F5BB73 /* Chat View */ = {
			isa = PBXGroup;
			children = (
				1449CB7C2991AD5200F5BB73 /* ChatView.swift */,
				1449CB7E29928A0A00F5BB73 /* Chat Components */,
			);
			path = "Chat View";
			sourceTree = "<group>";
		};
		1449CB7E29928A0A00F5BB73 /* Chat Components */ = {
			isa = PBXGroup;
			children = (
				1449CB8129928B1300F5BB73 /* IconButton.swift */,
				149E581029A4F9AA00D8705E /* ChatCell.swift */,
				1444891729A78CB900B800EC /* TypingTextView.swift */,
				1407F78629AEA6090027D32D /* ActionButton.swift */,
			);
			path = "Chat Components";
			sourceTree = "<group>";
		};
		145E676129AA06AB0045C47F /* CoreData */ = {
			isa = PBXGroup;
			children = (
				145E676229AA071B0045C47F /* PersistenceController.swift */,
				145E675E29AA06A60045C47F /* MessageDataModel.xcdatamodeld */,
			);
			path = CoreData;
			sourceTree = "<group>";
		};
		147FC1912999631800D3C13A /* Networking */ = {
			isa = PBXGroup;
			children = (
				1498DDD3299E6642003C328D /* ChatNetworkManager.swift */,
			);
			path = Networking;
			sourceTree = "<group>";
		};
		1498DDD829A294F9003C328D /* Settings View */ = {
			isa = PBXGroup;
			children = (
				1498DDD929A2950A003C328D /* SettingsView.swift */,
			);
			path = "Settings View";
			sourceTree = "<group>";
		};
		14A5A6A9299AE8440081FCBA /* Onboarding View */ = {
			isa = PBXGroup;
			children = (
				14A5A6AA299AE85D0081FCBA /* OnboardingView.swift */,
			);
			path = "Onboarding View";
			sourceTree = "<group>";
		};
		14A5A6AE299BC4510081FCBA /* Utilities */ = {
			isa = PBXGroup;
			children = (
				149E580E29A4CADA00D8705E /* UserPreferences.swift */,
				14A5A6AC299B8C650081FCBA /* Constants.swift */,
				14A5A6B0299BC4610081FCBA /* KeychainItemAccessibility.swift */,
				14A5A6AF299BC4610081FCBA /* KeychainWrapper.swift */,
			);
			path = Utilities;
			sourceTree = "<group>";
		};
/* End PBXGroup section */

/* Begin PBXNativeTarget section */
		140C948029906FD000C955FB /* Chat AI */ = {
			isa = PBXNativeTarget;
			buildConfigurationList = 140C948F29906FD100C955FB /* Build configuration list for PBXNativeTarget "Chat AI" */;
			buildPhases = (
				140C947D29906FD000C955FB /* Sources */,
				140C947E29906FD000C955FB /* Frameworks */,
				140C947F29906FD000C955FB /* Resources */,
			);
			buildRules = (
			);
			dependencies = (
			);
			name = "Chat AI";
			packageProductDependencies = (
				1498DDD6299F801D003C328D /* OpenAISwift */,
			);
			productName = "Chat AI";
			productReference = 140C948129906FD000C955FB /* Chat AI.app */;
			productType = "com.apple.product-type.application";
		};
/* End PBXNativeTarget section */

/* Begin PBXProject section */
		140C947929906FD000C955FB /* Project object */ = {
			isa = PBXProject;
			attributes = {
				BuildIndependentTargetsInParallel = 1;
				LastSwiftUpdateCheck = 1410;
				LastUpgradeCheck = 1410;
				TargetAttributes = {
					140C948029906FD000C955FB = {
						CreatedOnToolsVersion = 14.1;
					};
				};
			};
			buildConfigurationList = 140C947C29906FD000C955FB /* Build configuration list for PBXProject "Chat AI" */;
			compatibilityVersion = "Xcode 14.0";
			developmentRegion = en;
			hasScannedForEncodings = 0;
			knownRegions = (
				en,
				Base,
			);
			mainGroup = 140C947829906FD000C955FB;
			packageReferences = (
				1498DDD5299F801D003C328D /* XCRemoteSwiftPackageReference "OpenAISwift" */,
			);
			productRefGroup = 140C948229906FD000C955FB /* Products */;
			projectDirPath = "";
			projectRoot = "";
			targets = (
				140C948029906FD000C955FB /* Chat AI */,
			);
		};
/* End PBXProject section */

/* Begin PBXResourcesBuildPhase section */
		140C947F29906FD000C955FB /* Resources */ = {
			isa = PBXResourcesBuildPhase;
			buildActionMask = 2147483647;
			files = (
				140C948C29906FD100C955FB /* Preview Assets.xcassets in Resources */,
				140C948929906FD100C955FB /* Assets.xcassets in Resources */,
			);
			runOnlyForDeploymentPostprocessing = 0;
		};
/* End PBXResourcesBuildPhase section */

/* Begin PBXSourcesBuildPhase section */
		140C947D29906FD000C955FB /* Sources */ = {
			isa = PBXSourcesBuildPhase;
			buildActionMask = 2147483647;
			files = (
				1444891829A78CB900B800EC /* TypingTextView.swift in Sources */,
				1444892029A8F4AF00B800EC /* SideMenuView.swift in Sources */,
				1498DDD4299E6642003C328D /* ChatNetworkManager.swift in Sources */,
				140C948729906FD000C955FB /* ContentView.swift in Sources */,
				1449CB7D2991AD5200F5BB73 /* ChatView.swift in Sources */,
				14A5A6AB299AE85D0081FCBA /* OnboardingView.swift in Sources */,
				1444891B29A8EB0600B800EC /* ChatModel.swift in Sources */,
				14A5A6AD299B8C650081FCBA /* Constants.swift in Sources */,
				14A5A6B4299D7E320081FCBA /* ViewModifiers.swift in Sources */,
				145E676329AA071B0045C47F /* PersistenceController.swift in Sources */,
				145E676029AA06A60045C47F /* MessageDataModel.xcdatamodeld in Sources */,
				14A5A6B2299BC4610081FCBA /* KeychainItemAccessibility.swift in Sources */,
				14A5A6B1299BC4610081FCBA /* KeychainWrapper.swift in Sources */,
				1444891E29A8EB4700B800EC /* ViewExtensions.swift in Sources */,
				149E580F29A4CADA00D8705E /* UserPreferences.swift in Sources */,
				1498DDDA29A2950A003C328D /* SettingsView.swift in Sources */,
				149E581129A4F9AA00D8705E /* ChatCell.swift in Sources */,
				1449CB8229928B1300F5BB73 /* IconButton.swift in Sources */,
				140C948529906FD000C955FB /* Chat_AIApp.swift in Sources */,
				1444892329A90CA800B800EC /* MenuItems.swift in Sources */,
				1407F78729AEA6090027D32D /* ActionButton.swift in Sources */,
			);
			runOnlyForDeploymentPostprocessing = 0;
		};
/* End PBXSourcesBuildPhase section */

/* Begin XCBuildConfiguration section */
		140C948D29906FD100C955FB /* Debug */ = {
			isa = XCBuildConfiguration;
			buildSettings = {
				ALWAYS_SEARCH_USER_PATHS = NO;
				CLANG_ANALYZER_NONNULL = YES;
				CLANG_ANALYZER_NUMBER_OBJECT_CONVERSION = YES_AGGRESSIVE;
				CLANG_CXX_LANGUAGE_STANDARD = "gnu++20";
				CLANG_ENABLE_MODULES = YES;
				CLANG_ENABLE_OBJC_ARC = YES;
				CLANG_ENABLE_OBJC_WEAK = YES;
				CLANG_WARN_BLOCK_CAPTURE_AUTORELEASING = YES;
				CLANG_WARN_BOOL_CONVERSION = YES;
				CLANG_WARN_COMMA = YES;
				CLANG_WARN_CONSTANT_CONVERSION = YES;
				CLANG_WARN_DEPRECATED_OBJC_IMPLEMENTATIONS = YES;
				CLANG_WARN_DIRECT_OBJC_ISA_USAGE = YES_ERROR;
				CLANG_WARN_DOCUMENTATION_COMMENTS = YES;
				CLANG_WARN_EMPTY_BODY = YES;
				CLANG_WARN_ENUM_CONVERSION = YES;
				CLANG_WARN_INFINITE_RECURSION = YES;
				CLANG_WARN_INT_CONVERSION = YES;
				CLANG_WARN_NON_LITERAL_NULL_CONVERSION = YES;
				CLANG_WARN_OBJC_IMPLICIT_RETAIN_SELF = YES;
				CLANG_WARN_OBJC_LITERAL_CONVERSION = YES;
				CLANG_WARN_OBJC_ROOT_CLASS = YES_ERROR;
				CLANG_WARN_QUOTED_INCLUDE_IN_FRAMEWORK_HEADER = YES;
				CLANG_WARN_RANGE_LOOP_ANALYSIS = YES;
				CLANG_WARN_STRICT_PROTOTYPES = YES;
				CLANG_WARN_SUSPICIOUS_MOVE = YES;
				CLANG_WARN_UNGUARDED_AVAILABILITY = YES_AGGRESSIVE;
				CLANG_WARN_UNREACHABLE_CODE = YES;
				CLANG_WARN__DUPLICATE_METHOD_MATCH = YES;
				COPY_PHASE_STRIP = NO;
				DEBUG_INFORMATION_FORMAT = dwarf;
				ENABLE_STRICT_OBJC_MSGSEND = YES;
				ENABLE_TESTABILITY = YES;
				GCC_C_LANGUAGE_STANDARD = gnu11;
				GCC_DYNAMIC_NO_PIC = NO;
				GCC_NO_COMMON_BLOCKS = YES;
				GCC_OPTIMIZATION_LEVEL = 0;
				GCC_PREPROCESSOR_DEFINITIONS = (
					"DEBUG=1",
					"$(inherited)",
				);
				GCC_WARN_64_TO_32_BIT_CONVERSION = YES;
				GCC_WARN_ABOUT_RETURN_TYPE = YES_ERROR;
				GCC_WARN_UNDECLARED_SELECTOR = YES;
				GCC_WARN_UNINITIALIZED_AUTOS = YES_AGGRESSIVE;
				GCC_WARN_UNUSED_FUNCTION = YES;
				GCC_WARN_UNUSED_VARIABLE = YES;
				IPHONEOS_DEPLOYMENT_TARGET = 16.1;
				MTL_ENABLE_DEBUG_INFO = INCLUDE_SOURCE;
				MTL_FAST_MATH = YES;
				ONLY_ACTIVE_ARCH = YES;
				SDKROOT = iphoneos;
				SWIFT_ACTIVE_COMPILATION_CONDITIONS = DEBUG;
				SWIFT_OPTIMIZATION_LEVEL = "-Onone";
			};
			name = Debug;
		};
		140C948E29906FD100C955FB /* Release */ = {
			isa = XCBuildConfiguration;
			buildSettings = {
				ALWAYS_SEARCH_USER_PATHS = NO;
				CLANG_ANALYZER_NONNULL = YES;
				CLANG_ANALYZER_NUMBER_OBJECT_CONVERSION = YES_AGGRESSIVE;
				CLANG_CXX_LANGUAGE_STANDARD = "gnu++20";
				CLANG_ENABLE_MODULES = YES;
				CLANG_ENABLE_OBJC_ARC = YES;
				CLANG_ENABLE_OBJC_WEAK = YES;
				CLANG_WARN_BLOCK_CAPTURE_AUTORELEASING = YES;
				CLANG_WARN_BOOL_CONVERSION = YES;
				CLANG_WARN_COMMA = YES;
				CLANG_WARN_CONSTANT_CONVERSION = YES;
				CLANG_WARN_DEPRECATED_OBJC_IMPLEMENTATIONS = YES;
				CLANG_WARN_DIRECT_OBJC_ISA_USAGE = YES_ERROR;
				CLANG_WARN_DOCUMENTATION_COMMENTS = YES;
				CLANG_WARN_EMPTY_BODY = YES;
				CLANG_WARN_ENUM_CONVERSION = YES;
				CLANG_WARN_INFINITE_RECURSION = YES;
				CLANG_WARN_INT_CONVERSION = YES;
				CLANG_WARN_NON_LITERAL_NULL_CONVERSION = YES;
				CLANG_WARN_OBJC_IMPLICIT_RETAIN_SELF = YES;
				CLANG_WARN_OBJC_LITERAL_CONVERSION = YES;
				CLANG_WARN_OBJC_ROOT_CLASS = YES_ERROR;
				CLANG_WARN_QUOTED_INCLUDE_IN_FRAMEWORK_HEADER = YES;
				CLANG_WARN_RANGE_LOOP_ANALYSIS = YES;
				CLANG_WARN_STRICT_PROTOTYPES = YES;
				CLANG_WARN_SUSPICIOUS_MOVE = YES;
				CLANG_WARN_UNGUARDED_AVAILABILITY = YES_AGGRESSIVE;
				CLANG_WARN_UNREACHABLE_CODE = YES;
				CLANG_WARN__DUPLICATE_METHOD_MATCH = YES;
				COPY_PHASE_STRIP = NO;
				DEBUG_INFORMATION_FORMAT = "dwarf-with-dsym";
				ENABLE_NS_ASSERTIONS = NO;
				ENABLE_STRICT_OBJC_MSGSEND = YES;
				GCC_C_LANGUAGE_STANDARD = gnu11;
				GCC_NO_COMMON_BLOCKS = YES;
				GCC_WARN_64_TO_32_BIT_CONVERSION = YES;
				GCC_WARN_ABOUT_RETURN_TYPE = YES_ERROR;
				GCC_WARN_UNDECLARED_SELECTOR = YES;
				GCC_WARN_UNINITIALIZED_AUTOS = YES_AGGRESSIVE;
				GCC_WARN_UNUSED_FUNCTION = YES;
				GCC_WARN_UNUSED_VARIABLE = YES;
				IPHONEOS_DEPLOYMENT_TARGET = 16.1;
				MTL_ENABLE_DEBUG_INFO = NO;
				MTL_FAST_MATH = YES;
				SDKROOT = iphoneos;
				SWIFT_COMPILATION_MODE = wholemodule;
				SWIFT_OPTIMIZATION_LEVEL = "-O";
				VALIDATE_PRODUCT = YES;
			};
			name = Release;
		};
		140C949029906FD100C955FB /* Debug */ = {
			isa = XCBuildConfiguration;
			buildSettings = {
				ASSETCATALOG_COMPILER_APPICON_NAME = AppIcon;
				ASSETCATALOG_COMPILER_GLOBAL_ACCENT_COLOR_NAME = AccentColor;
				CODE_SIGN_STYLE = Automatic;
				CURRENT_PROJECT_VERSION = 1;
				DEVELOPMENT_ASSET_PATHS = "\"Chat AI/Preview Content\"";
				ENABLE_PREVIEWS = YES;
				GENERATE_INFOPLIST_FILE = YES;
				INFOPLIST_KEY_UIApplicationSceneManifest_Generation = YES;
				INFOPLIST_KEY_UIApplicationSupportsIndirectInputEvents = YES;
				INFOPLIST_KEY_UILaunchScreen_Generation = YES;
				INFOPLIST_KEY_UISupportedInterfaceOrientations_iPad = "UIInterfaceOrientationPortrait UIInterfaceOrientationPortraitUpsideDown UIInterfaceOrientationLandscapeLeft UIInterfaceOrientationLandscapeRight";
				INFOPLIST_KEY_UISupportedInterfaceOrientations_iPhone = "UIInterfaceOrientationPortrait UIInterfaceOrientationLandscapeLeft UIInterfaceOrientationLandscapeRight";
				LD_RUNPATH_SEARCH_PATHS = (
					"$(inherited)",
					"@executable_path/Frameworks",
				);
				MARKETING_VERSION = 1.0;
				PRODUCT_BUNDLE_IDENTIFIER = "com.vikingskullapps.Chat-AI";
				PRODUCT_NAME = "$(TARGET_NAME)";
				SWIFT_EMIT_LOC_STRINGS = YES;
				SWIFT_VERSION = 5.0;
				TARGETED_DEVICE_FAMILY = "1,2";
			};
			name = Debug;
		};
		140C949129906FD100C955FB /* Release */ = {
			isa = XCBuildConfiguration;
			buildSettings = {
				ASSETCATALOG_COMPILER_APPICON_NAME = AppIcon;
				ASSETCATALOG_COMPILER_GLOBAL_ACCENT_COLOR_NAME = AccentColor;
				CODE_SIGN_STYLE = Automatic;
				CURRENT_PROJECT_VERSION = 1;
				DEVELOPMENT_ASSET_PATHS = "\"Chat AI/Preview Content\"";
				ENABLE_PREVIEWS = YES;
				GENERATE_INFOPLIST_FILE = YES;
				INFOPLIST_KEY_UIApplicationSceneManifest_Generation = YES;
				INFOPLIST_KEY_UIApplicationSupportsIndirectInputEvents = YES;
				INFOPLIST_KEY_UILaunchScreen_Generation = YES;
				INFOPLIST_KEY_UISupportedInterfaceOrientations_iPad = "UIInterfaceOrientationPortrait UIInterfaceOrientationPortraitUpsideDown UIInterfaceOrientationLandscapeLeft UIInterfaceOrientationLandscapeRight";
				INFOPLIST_KEY_UISupportedInterfaceOrientations_iPhone = "UIInterfaceOrientationPortrait UIInterfaceOrientationLandscapeLeft UIInterfaceOrientationLandscapeRight";
				LD_RUNPATH_SEARCH_PATHS = (
					"$(inherited)",
					"@executable_path/Frameworks",
				);
				MARKETING_VERSION = 1.0;
				PRODUCT_BUNDLE_IDENTIFIER = "com.vikingskullapps.Chat-AI";
				PRODUCT_NAME = "$(TARGET_NAME)";
				SWIFT_EMIT_LOC_STRINGS = YES;
				SWIFT_VERSION = 5.0;
				TARGETED_DEVICE_FAMILY = "1,2";
			};
			name = Release;
		};
/* End XCBuildConfiguration section */

/* Begin XCConfigurationList section */
		140C947C29906FD000C955FB /* Build configuration list for PBXProject "Chat AI" */ = {
			isa = XCConfigurationList;
			buildConfigurations = (
				140C948D29906FD100C955FB /* Debug */,
				140C948E29906FD100C955FB /* Release */,
			);
			defaultConfigurationIsVisible = 0;
			defaultConfigurationName = Release;
		};
		140C948F29906FD100C955FB /* Build configuration list for PBXNativeTarget "Chat AI" */ = {
			isa = XCConfigurationList;
			buildConfigurations = (
				140C949029906FD100C955FB /* Debug */,
				140C949129906FD100C955FB /* Release */,
			);
			defaultConfigurationIsVisible = 0;
			defaultConfigurationName = Release;
		};
/* End XCConfigurationList section */

/* Begin XCRemoteSwiftPackageReference section */
		1498DDD5299F801D003C328D /* XCRemoteSwiftPackageReference "OpenAISwift" */ = {
			isa = XCRemoteSwiftPackageReference;
			repositoryURL = "https://github.com/adamrushy/OpenAISwift";
			requirement = {
				branch = main;
				kind = branch;
			};
		};
/* End XCRemoteSwiftPackageReference section */

/* Begin XCSwiftPackageProductDependency section */
		1498DDD6299F801D003C328D /* OpenAISwift */ = {
			isa = XCSwiftPackageProductDependency;
			package = 1498DDD5299F801D003C328D /* XCRemoteSwiftPackageReference "OpenAISwift" */;
			productName = OpenAISwift;
		};
/* End XCSwiftPackageProductDependency section */

/* Begin XCVersionGroup section */
		145E675E29AA06A60045C47F /* MessageDataModel.xcdatamodeld */ = {
			isa = XCVersionGroup;
			children = (
				145E675F29AA06A60045C47F /* Chat.xcdatamodel */,
			);
			currentVersion = 145E675F29AA06A60045C47F /* Chat.xcdatamodel */;
			path = MessageDataModel.xcdatamodeld;
			sourceTree = "<group>";
			versionGroupType = wrapper.xcdatamodel;
		};
/* End XCVersionGroup section */
	};
	rootObject = 140C947929906FD000C955FB /* Project object */;
}
